// !$*UTF8*$!
{
	archiveVersion = 1;
	classes = {
	};
	objectVersion = 52;
	objects = {

/* Begin PBXBuildFile section */
		03432CDC1EBD426A0071FC48 /* CoreLocation.framework in Frameworks */ = {isa = PBXBuildFile; fileRef = 03432CDB1EBD426A0071FC48 /* CoreLocation.framework */; };
		4529DECC1FA7EAB800CEAB1D /* UserNotifications.framework in Frameworks */ = {isa = PBXBuildFile; fileRef = 91B6EA051E83215000B5CF01 /* UserNotifications.framework */; };
		4529DEFE1FA921DA00CEAB1D /* GoogleService-Info.plist in Resources */ = {isa = PBXBuildFile; fileRef = 4529DEFD1FA921D900CEAB1D /* GoogleService-Info.plist */; };
		458396691FACFBB300D5DB95 /* GoogleService-Info.plist in Resources */ = {isa = PBXBuildFile; fileRef = 4529DEFD1FA921D900CEAB1D /* GoogleService-Info.plist */; };
		9112E8871E724C320022A1CB /* main.m in Sources */ = {isa = PBXBuildFile; fileRef = 9112E8861E724C320022A1CB /* main.m */; };
		9112E88A1E724C320022A1CB /* AppDelegate.m in Sources */ = {isa = PBXBuildFile; fileRef = 9112E8891E724C320022A1CB /* AppDelegate.m */; };
		9112E88D1E724C320022A1CB /* ViewController.m in Sources */ = {isa = PBXBuildFile; fileRef = 9112E88C1E724C320022A1CB /* ViewController.m */; };
		9112E8901E724C320022A1CB /* Main.storyboard in Resources */ = {isa = PBXBuildFile; fileRef = 9112E88E1E724C320022A1CB /* Main.storyboard */; };
		9112E8921E724C320022A1CB /* Assets.xcassets in Resources */ = {isa = PBXBuildFile; fileRef = 9112E8911E724C320022A1CB /* Assets.xcassets */; };
		9112E8951E724C320022A1CB /* LaunchScreen.storyboard in Resources */ = {isa = PBXBuildFile; fileRef = 9112E8931E724C320022A1CB /* LaunchScreen.storyboard */; };
		9112E8A71E724EE00022A1CB /* SystemConfiguration.framework in Frameworks */ = {isa = PBXBuildFile; fileRef = 9112E8A61E724EE00022A1CB /* SystemConfiguration.framework */; };
		9150E7761E73BEDD00C5D46A /* NotificationService.m in Sources */ = {isa = PBXBuildFile; fileRef = 9150E7751E73BEDD00C5D46A /* NotificationService.m */; };
		9150E77A1E73BEDD00C5D46A /* OneSignalNotificationServiceExtension.appex in Embed App Extensions */ = {isa = PBXBuildFile; fileRef = 9150E7721E73BEDC00C5D46A /* OneSignalNotificationServiceExtension.appex */; settings = {ATTRIBUTES = (RemoveHeadersOnCopy, ); }; };
		91B6EA041E83214A00B5CF01 /* SystemConfiguration.framework in Frameworks */ = {isa = PBXBuildFile; fileRef = 9112E8A61E724EE00022A1CB /* SystemConfiguration.framework */; };
		91B6EA061E83215000B5CF01 /* UserNotifications.framework in Frameworks */ = {isa = PBXBuildFile; fileRef = 91B6EA051E83215000B5CF01 /* UserNotifications.framework */; };
		91B6EA071E83215800B5CF01 /* UIKit.framework in Frameworks */ = {isa = PBXBuildFile; fileRef = 9150E7821E73BFB600C5D46A /* UIKit.framework */; };
		91B6EA0A1E834B1700B5CF01 /* sentImage.jpg in Resources */ = {isa = PBXBuildFile; fileRef = 91B6EA091E834B1700B5CF01 /* sentImage.jpg */; };
		91B6EA0C1E834BD800B5CF01 /* sentImage.jpg in Resources */ = {isa = PBXBuildFile; fileRef = 91B6EA091E834B1700B5CF01 /* sentImage.jpg */; };
		94735148291C4702000D91D3 /* LiveActivityController.swift in Sources */ = {isa = PBXBuildFile; fileRef = 94735147291C4702000D91D3 /* LiveActivityController.swift */; };
		9473514F291C4ED9000D91D3 /* WidgetKit.framework in Frameworks */ = {isa = PBXBuildFile; fileRef = 9473514E291C4ED9000D91D3 /* WidgetKit.framework */; };
		94735151291C4ED9000D91D3 /* SwiftUI.framework in Frameworks */ = {isa = PBXBuildFile; fileRef = 94735150291C4ED9000D91D3 /* SwiftUI.framework */; };
		94735154291C4EDC000D91D3 /* OneSignalWidgetExtensionBundle.swift in Sources */ = {isa = PBXBuildFile; fileRef = 94735153291C4EDC000D91D3 /* OneSignalWidgetExtensionBundle.swift */; };
		94735156291C4EDC000D91D3 /* OneSignalWidgetExtensionLiveActivity.swift in Sources */ = {isa = PBXBuildFile; fileRef = 94735155291C4EDC000D91D3 /* OneSignalWidgetExtensionLiveActivity.swift */; };
		9473515B291C4EDC000D91D3 /* Assets.xcassets in Resources */ = {isa = PBXBuildFile; fileRef = 9473515A291C4EDC000D91D3 /* Assets.xcassets */; };
		9473515D291C4EDC000D91D3 /* OneSignalWidgetExtension.intentdefinition in Sources */ = {isa = PBXBuildFile; fileRef = 94735159291C4EDC000D91D3 /* OneSignalWidgetExtension.intentdefinition */; };
		9473515E291C4EDC000D91D3 /* OneSignalWidgetExtension.intentdefinition in Sources */ = {isa = PBXBuildFile; fileRef = 94735159291C4EDC000D91D3 /* OneSignalWidgetExtension.intentdefinition */; };
		94735161291C4EDC000D91D3 /* OneSignalWidgetExtensionExtension.appex in Embed App Extensions */ = {isa = PBXBuildFile; fileRef = 9473514D291C4ED9000D91D3 /* OneSignalWidgetExtensionExtension.appex */; settings = {ATTRIBUTES = (RemoveHeadersOnCopy, ); }; };
		94735169291C5A68000D91D3 /* LiveActivityController.swift in Sources */ = {isa = PBXBuildFile; fileRef = 94735147291C4702000D91D3 /* LiveActivityController.swift */; };
		CACBAAB6218A7136000ACAA5 /* WebKit.framework in Frameworks */ = {isa = PBXBuildFile; fileRef = CACBAAB5218A7136000ACAA5 /* WebKit.framework */; };
		CACBAAB7218A713C000ACAA5 /* WebKit.framework in Frameworks */ = {isa = PBXBuildFile; fileRef = CACBAAB5218A7136000ACAA5 /* WebKit.framework */; };
		DE68DA5B24C7695900FC95A8 /* AppDelegate.m in Sources */ = {isa = PBXBuildFile; fileRef = DE68DA5A24C7695900FC95A8 /* AppDelegate.m */; };
		DE68DA5E24C7695900FC95A8 /* SceneDelegate.m in Sources */ = {isa = PBXBuildFile; fileRef = DE68DA5D24C7695900FC95A8 /* SceneDelegate.m */; };
		DE68DA6124C7695900FC95A8 /* ViewController.m in Sources */ = {isa = PBXBuildFile; fileRef = DE68DA6024C7695900FC95A8 /* ViewController.m */; };
		DE68DA6424C7695900FC95A8 /* Main.storyboard in Resources */ = {isa = PBXBuildFile; fileRef = DE68DA6224C7695900FC95A8 /* Main.storyboard */; };
		DE68DA6624C7695A00FC95A8 /* Assets.xcassets in Resources */ = {isa = PBXBuildFile; fileRef = DE68DA6524C7695A00FC95A8 /* Assets.xcassets */; };
		DE68DA6924C7695A00FC95A8 /* LaunchScreen.storyboard in Resources */ = {isa = PBXBuildFile; fileRef = DE68DA6724C7695A00FC95A8 /* LaunchScreen.storyboard */; };
		DE68DA6C24C7695A00FC95A8 /* main.m in Sources */ = {isa = PBXBuildFile; fileRef = DE68DA6B24C7695A00FC95A8 /* main.m */; };
		DE68DA7024C7695A00FC95A8 /* OneSignalExampleClip.app in Embed App Clips */ = {isa = PBXBuildFile; fileRef = DE68DA5724C7695900FC95A8 /* OneSignalExampleClip.app */; platformFilter = ios; settings = {ATTRIBUTES = (RemoveHeadersOnCopy, ); }; };
		DE68DA7724C769F200FC95A8 /* CoreLocation.framework in Frameworks */ = {isa = PBXBuildFile; fileRef = 03432CDB1EBD426A0071FC48 /* CoreLocation.framework */; };
		DE68DA7824C769F900FC95A8 /* SystemConfiguration.framework in Frameworks */ = {isa = PBXBuildFile; fileRef = 9112E8A61E724EE00022A1CB /* SystemConfiguration.framework */; };
		DE68DA7924C76A0300FC95A8 /* UserNotifications.framework in Frameworks */ = {isa = PBXBuildFile; fileRef = 91B6EA051E83215000B5CF01 /* UserNotifications.framework */; };
		DE68DA7A24C76A1800FC95A8 /* WebKit.framework in Frameworks */ = {isa = PBXBuildFile; fileRef = CACBAAB5218A7136000ACAA5 /* WebKit.framework */; };
		DE7D180727026BB5002D3A5D /* OneSignalCore.framework in Frameworks */ = {isa = PBXBuildFile; fileRef = DE7D180627026BB5002D3A5D /* OneSignalCore.framework */; };
		DE7D180827026BB5002D3A5D /* OneSignalCore.framework in Embed Frameworks */ = {isa = PBXBuildFile; fileRef = DE7D180627026BB5002D3A5D /* OneSignalCore.framework */; settings = {ATTRIBUTES = (CodeSignOnCopy, RemoveHeadersOnCopy, ); }; };
		DE7D180927026BC5002D3A5D /* OneSignalCore.framework in Frameworks */ = {isa = PBXBuildFile; fileRef = DE7D180627026BB5002D3A5D /* OneSignalCore.framework */; };
		DE7D181E27026C02002D3A5D /* OneSignalExtension.framework in Frameworks */ = {isa = PBXBuildFile; fileRef = DE7D181D27026C02002D3A5D /* OneSignalExtension.framework */; };
		DE7D18C427038240002D3A5D /* OneSignalOutcomes.framework in Frameworks */ = {isa = PBXBuildFile; fileRef = DE7D18C327038240002D3A5D /* OneSignalOutcomes.framework */; };
		DE7D18C527038240002D3A5D /* OneSignalOutcomes.framework in Embed Frameworks */ = {isa = PBXBuildFile; fileRef = DE7D18C327038240002D3A5D /* OneSignalOutcomes.framework */; settings = {ATTRIBUTES = (CodeSignOnCopy, RemoveHeadersOnCopy, ); }; };
		DE9717752756E6E000FC409E /* OneSignalExtension.framework in Frameworks */ = {isa = PBXBuildFile; fileRef = DE7D180C27026BCC002D3A5D /* OneSignalExtension.framework */; };
		DE9717762756E6E100FC409E /* OneSignalExtension.framework in Embed Frameworks */ = {isa = PBXBuildFile; fileRef = DE7D180C27026BCC002D3A5D /* OneSignalExtension.framework */; settings = {ATTRIBUTES = (CodeSignOnCopy, RemoveHeadersOnCopy, ); }; };
		DE9717772756E6EF00FC409E /* OneSignal.framework in Frameworks */ = {isa = PBXBuildFile; fileRef = DEA22668261E62690092FF58 /* OneSignal.framework */; };
		DE9717782756E6EF00FC409E /* OneSignal.framework in Embed Frameworks */ = {isa = PBXBuildFile; fileRef = DEA22668261E62690092FF58 /* OneSignal.framework */; settings = {ATTRIBUTES = (CodeSignOnCopy, RemoveHeadersOnCopy, ); }; };
		DE97177A2756E6FF00FC409E /* OneSignalOutcomes.framework in Frameworks */ = {isa = PBXBuildFile; fileRef = DE7D18C327038240002D3A5D /* OneSignalOutcomes.framework */; };
		DEA226F8261F74060092FF58 /* OneSignal.framework in Frameworks */ = {isa = PBXBuildFile; fileRef = DEA22668261E62690092FF58 /* OneSignal.framework */; };
		DEA226F9261F74060092FF58 /* OneSignal.framework in Embed Frameworks */ = {isa = PBXBuildFile; fileRef = DEA22668261E62690092FF58 /* OneSignal.framework */; settings = {ATTRIBUTES = (CodeSignOnCopy, RemoveHeadersOnCopy, ); }; };
/* End PBXBuildFile section */

/* Begin PBXContainerItemProxy section */
		9150E7781E73BEDD00C5D46A /* PBXContainerItemProxy */ = {
			isa = PBXContainerItemProxy;
			containerPortal = 9112E87A1E724C320022A1CB /* Project object */;
			proxyType = 1;
			remoteGlobalIDString = 9150E7711E73BEDC00C5D46A;
			remoteInfo = OneSignalNotificationServiceExtension;
		};
		9473515F291C4EDC000D91D3 /* PBXContainerItemProxy */ = {
			isa = PBXContainerItemProxy;
			containerPortal = 9112E87A1E724C320022A1CB /* Project object */;
			proxyType = 1;
			remoteGlobalIDString = 9473514C291C4ED9000D91D3;
			remoteInfo = OneSignalWidgetExtensionExtension;
		};
		DE68DA6E24C7695A00FC95A8 /* PBXContainerItemProxy */ = {
			isa = PBXContainerItemProxy;
			containerPortal = 9112E87A1E724C320022A1CB /* Project object */;
			proxyType = 1;
			remoteGlobalIDString = DE68DA5624C7695900FC95A8;
			remoteInfo = OneSignalDevAppClip;
		};
/* End PBXContainerItemProxy section */

/* Begin PBXCopyFilesBuildPhase section */
		9150E77E1E73BEDD00C5D46A /* Embed App Extensions */ = {
			isa = PBXCopyFilesBuildPhase;
			buildActionMask = 2147483647;
			dstPath = "";
			dstSubfolderSpec = 13;
			files = (
				9150E77A1E73BEDD00C5D46A /* OneSignalNotificationServiceExtension.appex in Embed App Extensions */,
				94735161291C4EDC000D91D3 /* OneSignalWidgetExtensionExtension.appex in Embed App Extensions */,
			);
			name = "Embed App Extensions";
			runOnlyForDeploymentPostprocessing = 0;
		};
		DE68DA7124C7695A00FC95A8 /* Embed App Clips */ = {
			isa = PBXCopyFilesBuildPhase;
			buildActionMask = 2147483647;
			dstPath = "$(CONTENTS_FOLDER_PATH)/AppClips";
			dstSubfolderSpec = 16;
			files = (
				DE68DA7024C7695A00FC95A8 /* OneSignalExampleClip.app in Embed App Clips */,
			);
			name = "Embed App Clips";
			runOnlyForDeploymentPostprocessing = 0;
		};
		DE9717792756E6EF00FC409E /* Embed Frameworks */ = {
			isa = PBXCopyFilesBuildPhase;
			buildActionMask = 2147483647;
			dstPath = "";
			dstSubfolderSpec = 10;
			files = (
				DE9717782756E6EF00FC409E /* OneSignal.framework in Embed Frameworks */,
			);
			name = "Embed Frameworks";
			runOnlyForDeploymentPostprocessing = 0;
		};
		DEA226FA261F74060092FF58 /* Embed Frameworks */ = {
			isa = PBXCopyFilesBuildPhase;
			buildActionMask = 2147483647;
			dstPath = "";
			dstSubfolderSpec = 10;
			files = (
				DE7D180827026BB5002D3A5D /* OneSignalCore.framework in Embed Frameworks */,
				DE9717762756E6E100FC409E /* OneSignalExtension.framework in Embed Frameworks */,
				DE7D18C527038240002D3A5D /* OneSignalOutcomes.framework in Embed Frameworks */,
				DEA226F9261F74060092FF58 /* OneSignal.framework in Embed Frameworks */,
			);
			name = "Embed Frameworks";
			runOnlyForDeploymentPostprocessing = 0;
		};
/* End PBXCopyFilesBuildPhase section */

/* Begin PBXFileReference section */
		03432CDB1EBD426A0071FC48 /* CoreLocation.framework */ = {isa = PBXFileReference; lastKnownFileType = wrapper.framework; name = CoreLocation.framework; path = System/Library/Frameworks/CoreLocation.framework; sourceTree = SDKROOT; };
		4529DEFD1FA921D900CEAB1D /* GoogleService-Info.plist */ = {isa = PBXFileReference; fileEncoding = 4; lastKnownFileType = text.plist.xml; path = "GoogleService-Info.plist"; sourceTree = "<group>"; };
		454F94F71FAD49F300D74CCF /* OneSignalNotificationServiceExtension.entitlements */ = {isa = PBXFileReference; lastKnownFileType = text.plist.entitlements; path = OneSignalNotificationServiceExtension.entitlements; sourceTree = "<group>"; };
		9112E8821E724C320022A1CB /* OneSignalExample.app */ = {isa = PBXFileReference; explicitFileType = wrapper.application; includeInIndex = 0; path = OneSignalExample.app; sourceTree = BUILT_PRODUCTS_DIR; };
		9112E8861E724C320022A1CB /* main.m */ = {isa = PBXFileReference; lastKnownFileType = sourcecode.c.objc; path = main.m; sourceTree = "<group>"; };
		9112E8881E724C320022A1CB /* AppDelegate.h */ = {isa = PBXFileReference; lastKnownFileType = sourcecode.c.h; path = AppDelegate.h; sourceTree = "<group>"; };
		9112E8891E724C320022A1CB /* AppDelegate.m */ = {isa = PBXFileReference; lastKnownFileType = sourcecode.c.objc; path = AppDelegate.m; sourceTree = "<group>"; };
		9112E88B1E724C320022A1CB /* ViewController.h */ = {isa = PBXFileReference; lastKnownFileType = sourcecode.c.h; path = ViewController.h; sourceTree = "<group>"; };
		9112E88C1E724C320022A1CB /* ViewController.m */ = {isa = PBXFileReference; lastKnownFileType = sourcecode.c.objc; path = ViewController.m; sourceTree = "<group>"; };
		9112E88F1E724C320022A1CB /* Base */ = {isa = PBXFileReference; lastKnownFileType = file.storyboard; name = Base; path = Base.lproj/Main.storyboard; sourceTree = "<group>"; };
		9112E8911E724C320022A1CB /* Assets.xcassets */ = {isa = PBXFileReference; lastKnownFileType = folder.assetcatalog; path = Assets.xcassets; sourceTree = "<group>"; };
		9112E8941E724C320022A1CB /* Base */ = {isa = PBXFileReference; lastKnownFileType = file.storyboard; name = Base; path = Base.lproj/LaunchScreen.storyboard; sourceTree = "<group>"; };
		9112E8961E724C320022A1CB /* Info.plist */ = {isa = PBXFileReference; lastKnownFileType = text.plist.xml; path = Info.plist; sourceTree = "<group>"; };
		9112E8A31E724DCB0022A1CB /* libOneSignal.a */ = {isa = PBXFileReference; lastKnownFileType = archive.ar; name = libOneSignal.a; path = "../../../../../Library/Developer/Xcode/DerivedData/OneSignalSDK-gokrmgmincuokwdzxidzbpukovwj/Build/Products/Debug-iphoneos/libOneSignal.a"; sourceTree = "<group>"; };
		9112E8A61E724EE00022A1CB /* SystemConfiguration.framework */ = {isa = PBXFileReference; lastKnownFileType = wrapper.framework; name = SystemConfiguration.framework; path = System/Library/Frameworks/SystemConfiguration.framework; sourceTree = SDKROOT; };
		9112E8A81E72506C0022A1CB /* OneSignalDevApp.entitlements */ = {isa = PBXFileReference; lastKnownFileType = text.plist.entitlements; path = OneSignalDevApp.entitlements; sourceTree = "<group>"; };
		9150E7721E73BEDC00C5D46A /* OneSignalNotificationServiceExtension.appex */ = {isa = PBXFileReference; explicitFileType = "wrapper.app-extension"; includeInIndex = 0; path = OneSignalNotificationServiceExtension.appex; sourceTree = BUILT_PRODUCTS_DIR; };
		9150E7741E73BEDD00C5D46A /* NotificationService.h */ = {isa = PBXFileReference; lastKnownFileType = sourcecode.c.h; path = NotificationService.h; sourceTree = "<group>"; };
		9150E7751E73BEDD00C5D46A /* NotificationService.m */ = {isa = PBXFileReference; lastKnownFileType = sourcecode.c.objc; path = NotificationService.m; sourceTree = "<group>"; };
		9150E7771E73BEDD00C5D46A /* Info.plist */ = {isa = PBXFileReference; lastKnownFileType = text.plist.xml; path = Info.plist; sourceTree = "<group>"; };
		9150E77F1E73BF5B00C5D46A /* OneSignal.framework */ = {isa = PBXFileReference; lastKnownFileType = wrapper.framework; name = OneSignal.framework; path = "../../../../../Library/Developer/Xcode/DerivedData/OneSignalSDK-gokrmgmincuokwdzxidzbpukovwj/Build/Products/Debug-iphoneos/OneSignal.framework"; sourceTree = "<group>"; };
		9150E7821E73BFB600C5D46A /* UIKit.framework */ = {isa = PBXFileReference; lastKnownFileType = wrapper.framework; name = UIKit.framework; path = System/Library/Frameworks/UIKit.framework; sourceTree = SDKROOT; };
		91B6EA051E83215000B5CF01 /* UserNotifications.framework */ = {isa = PBXFileReference; lastKnownFileType = wrapper.framework; name = UserNotifications.framework; path = System/Library/Frameworks/UserNotifications.framework; sourceTree = SDKROOT; };
		91B6EA091E834B1700B5CF01 /* sentImage.jpg */ = {isa = PBXFileReference; lastKnownFileType = image.jpeg; path = sentImage.jpg; sourceTree = "<group>"; };
		94735146291C4701000D91D3 /* OneSignalExample-Bridging-Header.h */ = {isa = PBXFileReference; lastKnownFileType = sourcecode.c.h; path = "OneSignalExample-Bridging-Header.h"; sourceTree = "<group>"; };
		94735147291C4702000D91D3 /* LiveActivityController.swift */ = {isa = PBXFileReference; lastKnownFileType = sourcecode.swift; path = LiveActivityController.swift; sourceTree = "<group>"; };
		9473514D291C4ED9000D91D3 /* OneSignalWidgetExtensionExtension.appex */ = {isa = PBXFileReference; explicitFileType = "wrapper.app-extension"; includeInIndex = 0; path = OneSignalWidgetExtensionExtension.appex; sourceTree = BUILT_PRODUCTS_DIR; };
		9473514E291C4ED9000D91D3 /* WidgetKit.framework */ = {isa = PBXFileReference; lastKnownFileType = wrapper.framework; name = WidgetKit.framework; path = System/Library/Frameworks/WidgetKit.framework; sourceTree = SDKROOT; };
		94735150291C4ED9000D91D3 /* SwiftUI.framework */ = {isa = PBXFileReference; lastKnownFileType = wrapper.framework; name = SwiftUI.framework; path = System/Library/Frameworks/SwiftUI.framework; sourceTree = SDKROOT; };
		94735153291C4EDC000D91D3 /* OneSignalWidgetExtensionBundle.swift */ = {isa = PBXFileReference; lastKnownFileType = sourcecode.swift; path = OneSignalWidgetExtensionBundle.swift; sourceTree = "<group>"; };
		94735155291C4EDC000D91D3 /* OneSignalWidgetExtensionLiveActivity.swift */ = {isa = PBXFileReference; lastKnownFileType = sourcecode.swift; path = OneSignalWidgetExtensionLiveActivity.swift; sourceTree = "<group>"; };
		94735159291C4EDC000D91D3 /* OneSignalWidgetExtension.intentdefinition */ = {isa = PBXFileReference; lastKnownFileType = file.intentdefinition; path = OneSignalWidgetExtension.intentdefinition; sourceTree = "<group>"; };
		9473515A291C4EDC000D91D3 /* Assets.xcassets */ = {isa = PBXFileReference; lastKnownFileType = folder.assetcatalog; path = Assets.xcassets; sourceTree = "<group>"; };
		9473515C291C4EDC000D91D3 /* Info.plist */ = {isa = PBXFileReference; lastKnownFileType = text.plist.xml; path = Info.plist; sourceTree = "<group>"; };
		94735162291C4EE3000D91D3 /* OneSignalWidgetExtensionExtension.entitlements */ = {isa = PBXFileReference; lastKnownFileType = text.plist.entitlements; path = OneSignalWidgetExtensionExtension.entitlements; sourceTree = "<group>"; };
		CACBAAB5218A7136000ACAA5 /* WebKit.framework */ = {isa = PBXFileReference; lastKnownFileType = wrapper.framework; name = WebKit.framework; path = System/Library/Frameworks/WebKit.framework; sourceTree = SDKROOT; };
		DE138BFD2523CFA300AB46A3 /* libOneSignal.a */ = {isa = PBXFileReference; explicitFileType = archive.ar; path = libOneSignal.a; sourceTree = BUILT_PRODUCTS_DIR; };
		DE138BFF2523CFA700AB46A3 /* libOneSignal.a */ = {isa = PBXFileReference; explicitFileType = archive.ar; path = libOneSignal.a; sourceTree = BUILT_PRODUCTS_DIR; };
		DE138C012523CFAD00AB46A3 /* libOneSignal.a */ = {isa = PBXFileReference; explicitFileType = archive.ar; path = libOneSignal.a; sourceTree = BUILT_PRODUCTS_DIR; };
		DE68DA5724C7695900FC95A8 /* OneSignalExampleClip.app */ = {isa = PBXFileReference; explicitFileType = wrapper.application; includeInIndex = 0; path = OneSignalExampleClip.app; sourceTree = BUILT_PRODUCTS_DIR; };
		DE68DA5924C7695900FC95A8 /* AppDelegate.h */ = {isa = PBXFileReference; lastKnownFileType = sourcecode.c.h; path = AppDelegate.h; sourceTree = "<group>"; };
		DE68DA5A24C7695900FC95A8 /* AppDelegate.m */ = {isa = PBXFileReference; lastKnownFileType = sourcecode.c.objc; path = AppDelegate.m; sourceTree = "<group>"; };
		DE68DA5C24C7695900FC95A8 /* SceneDelegate.h */ = {isa = PBXFileReference; lastKnownFileType = sourcecode.c.h; path = SceneDelegate.h; sourceTree = "<group>"; };
		DE68DA5D24C7695900FC95A8 /* SceneDelegate.m */ = {isa = PBXFileReference; lastKnownFileType = sourcecode.c.objc; path = SceneDelegate.m; sourceTree = "<group>"; };
		DE68DA5F24C7695900FC95A8 /* ViewController.h */ = {isa = PBXFileReference; lastKnownFileType = sourcecode.c.h; path = ViewController.h; sourceTree = "<group>"; };
		DE68DA6024C7695900FC95A8 /* ViewController.m */ = {isa = PBXFileReference; lastKnownFileType = sourcecode.c.objc; path = ViewController.m; sourceTree = "<group>"; };
		DE68DA6324C7695900FC95A8 /* Base */ = {isa = PBXFileReference; lastKnownFileType = file.storyboard; name = Base; path = Base.lproj/Main.storyboard; sourceTree = "<group>"; };
		DE68DA6524C7695A00FC95A8 /* Assets.xcassets */ = {isa = PBXFileReference; lastKnownFileType = folder.assetcatalog; path = Assets.xcassets; sourceTree = "<group>"; };
		DE68DA6824C7695A00FC95A8 /* Base */ = {isa = PBXFileReference; lastKnownFileType = file.storyboard; name = Base; path = Base.lproj/LaunchScreen.storyboard; sourceTree = "<group>"; };
		DE68DA6A24C7695A00FC95A8 /* Info.plist */ = {isa = PBXFileReference; lastKnownFileType = text.plist.xml; path = Info.plist; sourceTree = "<group>"; };
		DE68DA6B24C7695A00FC95A8 /* main.m */ = {isa = PBXFileReference; lastKnownFileType = sourcecode.c.objc; path = main.m; sourceTree = "<group>"; };
		DE68DA6D24C7695A00FC95A8 /* OneSignalDevAppClip.entitlements */ = {isa = PBXFileReference; lastKnownFileType = text.plist.entitlements; path = OneSignalDevAppClip.entitlements; sourceTree = "<group>"; };
		DE68DA7524C769E300FC95A8 /* libOneSignal.a */ = {isa = PBXFileReference; explicitFileType = archive.ar; path = libOneSignal.a; sourceTree = BUILT_PRODUCTS_DIR; };
		DE7D180627026BB5002D3A5D /* OneSignalCore.framework */ = {isa = PBXFileReference; explicitFileType = wrapper.framework; path = OneSignalCore.framework; sourceTree = BUILT_PRODUCTS_DIR; };
		DE7D180C27026BCC002D3A5D /* OneSignalExtension.framework */ = {isa = PBXFileReference; explicitFileType = wrapper.framework; path = OneSignalExtension.framework; sourceTree = BUILT_PRODUCTS_DIR; };
		DE7D181D27026C02002D3A5D /* OneSignalExtension.framework */ = {isa = PBXFileReference; explicitFileType = wrapper.framework; path = OneSignalExtension.framework; sourceTree = BUILT_PRODUCTS_DIR; };
		DE7D18C327038240002D3A5D /* OneSignalOutcomes.framework */ = {isa = PBXFileReference; explicitFileType = wrapper.framework; path = OneSignalOutcomes.framework; sourceTree = BUILT_PRODUCTS_DIR; };
		DEA22668261E62690092FF58 /* OneSignal.framework */ = {isa = PBXFileReference; explicitFileType = wrapper.framework; path = OneSignal.framework; sourceTree = BUILT_PRODUCTS_DIR; };
		DEA2266A261E62780092FF58 /* OneSignal.framework */ = {isa = PBXFileReference; explicitFileType = wrapper.framework; path = OneSignal.framework; sourceTree = BUILT_PRODUCTS_DIR; };
		DEA2266C261E627D0092FF58 /* OneSignal.framework */ = {isa = PBXFileReference; explicitFileType = wrapper.framework; path = OneSignal.framework; sourceTree = BUILT_PRODUCTS_DIR; };
/* End PBXFileReference section */

/* Begin PBXFrameworksBuildPhase section */
		9112E87F1E724C320022A1CB /* Frameworks */ = {
			isa = PBXFrameworksBuildPhase;
			buildActionMask = 2147483647;
			files = (
				CACBAAB6218A7136000ACAA5 /* WebKit.framework in Frameworks */,
				DE7D18C427038240002D3A5D /* OneSignalOutcomes.framework in Frameworks */,
				03432CDC1EBD426A0071FC48 /* CoreLocation.framework in Frameworks */,
				9112E8A71E724EE00022A1CB /* SystemConfiguration.framework in Frameworks */,
				DEA226F8261F74060092FF58 /* OneSignal.framework in Frameworks */,
				DE9717752756E6E000FC409E /* OneSignalExtension.framework in Frameworks */,
				DE7D180727026BB5002D3A5D /* OneSignalCore.framework in Frameworks */,
				4529DECC1FA7EAB800CEAB1D /* UserNotifications.framework in Frameworks */,
			);
			runOnlyForDeploymentPostprocessing = 0;
		};
		9150E76F1E73BEDC00C5D46A /* Frameworks */ = {
			isa = PBXFrameworksBuildPhase;
			buildActionMask = 2147483647;
			files = (
				CACBAAB7218A713C000ACAA5 /* WebKit.framework in Frameworks */,
				DE97177A2756E6FF00FC409E /* OneSignalOutcomes.framework in Frameworks */,
				91B6EA071E83215800B5CF01 /* UIKit.framework in Frameworks */,
				91B6EA061E83215000B5CF01 /* UserNotifications.framework in Frameworks */,
				DE7D181E27026C02002D3A5D /* OneSignalExtension.framework in Frameworks */,
				DE7D180927026BC5002D3A5D /* OneSignalCore.framework in Frameworks */,
				91B6EA041E83214A00B5CF01 /* SystemConfiguration.framework in Frameworks */,
			);
			runOnlyForDeploymentPostprocessing = 0;
		};
		9473514A291C4ED9000D91D3 /* Frameworks */ = {
			isa = PBXFrameworksBuildPhase;
			buildActionMask = 2147483647;
			files = (
				94735151291C4ED9000D91D3 /* SwiftUI.framework in Frameworks */,
				9473514F291C4ED9000D91D3 /* WidgetKit.framework in Frameworks */,
			);
			runOnlyForDeploymentPostprocessing = 0;
		};
		DE68DA5424C7695900FC95A8 /* Frameworks */ = {
			isa = PBXFrameworksBuildPhase;
			buildActionMask = 2147483647;
			files = (
				DE68DA7A24C76A1800FC95A8 /* WebKit.framework in Frameworks */,
				DE68DA7924C76A0300FC95A8 /* UserNotifications.framework in Frameworks */,
				DE68DA7724C769F200FC95A8 /* CoreLocation.framework in Frameworks */,
				DE9717772756E6EF00FC409E /* OneSignal.framework in Frameworks */,
				DE68DA7824C769F900FC95A8 /* SystemConfiguration.framework in Frameworks */,
			);
			runOnlyForDeploymentPostprocessing = 0;
		};
/* End PBXFrameworksBuildPhase section */

/* Begin PBXGroup section */
		9112E8791E724C320022A1CB = {
			isa = PBXGroup;
			children = (
				94735162291C4EE3000D91D3 /* OneSignalWidgetExtensionExtension.entitlements */,
				91B6EA091E834B1700B5CF01 /* sentImage.jpg */,
				9112E8841E724C320022A1CB /* OneSignalDevApp */,
				9150E7731E73BEDD00C5D46A /* OneSignalNotificationServiceExtension */,
				DE68DA5824C7695900FC95A8 /* OneSignalDevAppClip */,
				94735152291C4EDC000D91D3 /* OneSignalWidgetExtension */,
				9112E8831E724C320022A1CB /* Products */,
				9112E8A21E724DCA0022A1CB /* Frameworks */,
			);
			sourceTree = "<group>";
		};
		9112E8831E724C320022A1CB /* Products */ = {
			isa = PBXGroup;
			children = (
				9112E8821E724C320022A1CB /* OneSignalExample.app */,
				9150E7721E73BEDC00C5D46A /* OneSignalNotificationServiceExtension.appex */,
				DE68DA5724C7695900FC95A8 /* OneSignalExampleClip.app */,
				9473514D291C4ED9000D91D3 /* OneSignalWidgetExtensionExtension.appex */,
			);
			name = Products;
			sourceTree = "<group>";
		};
		9112E8841E724C320022A1CB /* OneSignalDevApp */ = {
			isa = PBXGroup;
			children = (
				4529DEFD1FA921D900CEAB1D /* GoogleService-Info.plist */,
				9112E8A81E72506C0022A1CB /* OneSignalDevApp.entitlements */,
				9112E8881E724C320022A1CB /* AppDelegate.h */,
				9112E8891E724C320022A1CB /* AppDelegate.m */,
				9112E88B1E724C320022A1CB /* ViewController.h */,
				9112E88C1E724C320022A1CB /* ViewController.m */,
				94735147291C4702000D91D3 /* LiveActivityController.swift */,
				9112E88E1E724C320022A1CB /* Main.storyboard */,
				9112E8911E724C320022A1CB /* Assets.xcassets */,
				9112E8931E724C320022A1CB /* LaunchScreen.storyboard */,
				9112E8961E724C320022A1CB /* Info.plist */,
				9112E8851E724C320022A1CB /* Supporting Files */,
				94735146291C4701000D91D3 /* OneSignalExample-Bridging-Header.h */,
			);
			path = OneSignalDevApp;
			sourceTree = "<group>";
		};
		9112E8851E724C320022A1CB /* Supporting Files */ = {
			isa = PBXGroup;
			children = (
				9112E8861E724C320022A1CB /* main.m */,
			);
			name = "Supporting Files";
			sourceTree = "<group>";
		};
		9112E8A21E724DCA0022A1CB /* Frameworks */ = {
			isa = PBXGroup;
			children = (
				DE7D18C327038240002D3A5D /* OneSignalOutcomes.framework */,
				DE7D181D27026C02002D3A5D /* OneSignalExtension.framework */,
				DE7D180C27026BCC002D3A5D /* OneSignalExtension.framework */,
				DE7D180627026BB5002D3A5D /* OneSignalCore.framework */,
				DEA2266C261E627D0092FF58 /* OneSignal.framework */,
				DEA2266A261E62780092FF58 /* OneSignal.framework */,
				DEA22668261E62690092FF58 /* OneSignal.framework */,
				DE138C012523CFAD00AB46A3 /* libOneSignal.a */,
				DE138BFF2523CFA700AB46A3 /* libOneSignal.a */,
				DE138BFD2523CFA300AB46A3 /* libOneSignal.a */,
				DE68DA7524C769E300FC95A8 /* libOneSignal.a */,
				CACBAAB5218A7136000ACAA5 /* WebKit.framework */,
				03432CDB1EBD426A0071FC48 /* CoreLocation.framework */,
				91B6EA051E83215000B5CF01 /* UserNotifications.framework */,
				9150E7821E73BFB600C5D46A /* UIKit.framework */,
				9150E77F1E73BF5B00C5D46A /* OneSignal.framework */,
				9112E8A61E724EE00022A1CB /* SystemConfiguration.framework */,
				9112E8A31E724DCB0022A1CB /* libOneSignal.a */,
				9473514E291C4ED9000D91D3 /* WidgetKit.framework */,
				94735150291C4ED9000D91D3 /* SwiftUI.framework */,
			);
			name = Frameworks;
			sourceTree = "<group>";
		};
		9150E7731E73BEDD00C5D46A /* OneSignalNotificationServiceExtension */ = {
			isa = PBXGroup;
			children = (
				454F94F71FAD49F300D74CCF /* OneSignalNotificationServiceExtension.entitlements */,
				9150E7741E73BEDD00C5D46A /* NotificationService.h */,
				9150E7751E73BEDD00C5D46A /* NotificationService.m */,
				9150E7771E73BEDD00C5D46A /* Info.plist */,
			);
			path = OneSignalNotificationServiceExtension;
			sourceTree = "<group>";
		};
		94735152291C4EDC000D91D3 /* OneSignalWidgetExtension */ = {
			isa = PBXGroup;
			children = (
				94735153291C4EDC000D91D3 /* OneSignalWidgetExtensionBundle.swift */,
				94735155291C4EDC000D91D3 /* OneSignalWidgetExtensionLiveActivity.swift */,
				94735159291C4EDC000D91D3 /* OneSignalWidgetExtension.intentdefinition */,
				9473515A291C4EDC000D91D3 /* Assets.xcassets */,
				9473515C291C4EDC000D91D3 /* Info.plist */,
			);
			path = OneSignalWidgetExtension;
			sourceTree = "<group>";
		};
		DE68DA5824C7695900FC95A8 /* OneSignalDevAppClip */ = {
			isa = PBXGroup;
			children = (
				DE68DA5924C7695900FC95A8 /* AppDelegate.h */,
				DE68DA5A24C7695900FC95A8 /* AppDelegate.m */,
				DE68DA5C24C7695900FC95A8 /* SceneDelegate.h */,
				DE68DA5D24C7695900FC95A8 /* SceneDelegate.m */,
				DE68DA5F24C7695900FC95A8 /* ViewController.h */,
				DE68DA6024C7695900FC95A8 /* ViewController.m */,
				DE68DA6224C7695900FC95A8 /* Main.storyboard */,
				DE68DA6524C7695A00FC95A8 /* Assets.xcassets */,
				DE68DA6724C7695A00FC95A8 /* LaunchScreen.storyboard */,
				DE68DA6A24C7695A00FC95A8 /* Info.plist */,
				DE68DA6B24C7695A00FC95A8 /* main.m */,
				DE68DA6D24C7695A00FC95A8 /* OneSignalDevAppClip.entitlements */,
			);
			path = OneSignalDevAppClip;
			sourceTree = "<group>";
		};
/* End PBXGroup section */

/* Begin PBXNativeTarget section */
		9112E8811E724C320022A1CB /* OneSignalExample */ = {
			isa = PBXNativeTarget;
			buildConfigurationList = 9112E8991E724C320022A1CB /* Build configuration list for PBXNativeTarget "OneSignalExample" */;
			buildPhases = (
				9112E87E1E724C320022A1CB /* Sources */,
				9112E87F1E724C320022A1CB /* Frameworks */,
				9112E8801E724C320022A1CB /* Resources */,
				9150E77E1E73BEDD00C5D46A /* Embed App Extensions */,
				DE68DA7124C7695A00FC95A8 /* Embed App Clips */,
				DEA226FA261F74060092FF58 /* Embed Frameworks */,
			);
			buildRules = (
			);
			dependencies = (
				9150E7791E73BEDD00C5D46A /* PBXTargetDependency */,
				DE68DA6F24C7695A00FC95A8 /* PBXTargetDependency */,
				94735160291C4EDC000D91D3 /* PBXTargetDependency */,
			);
			name = OneSignalExample;
			packageProductDependencies = (
			);
			productName = OneSignalDevApp;
			productReference = 9112E8821E724C320022A1CB /* OneSignalExample.app */;
			productType = "com.apple.product-type.application";
		};
		9150E7711E73BEDC00C5D46A /* OneSignalNotificationServiceExtension */ = {
			isa = PBXNativeTarget;
			buildConfigurationList = 9150E77D1E73BEDD00C5D46A /* Build configuration list for PBXNativeTarget "OneSignalNotificationServiceExtension" */;
			buildPhases = (
				9150E76E1E73BEDC00C5D46A /* Sources */,
				9150E76F1E73BEDC00C5D46A /* Frameworks */,
				9150E7701E73BEDC00C5D46A /* Resources */,
			);
			buildRules = (
			);
			dependencies = (
			);
			name = OneSignalNotificationServiceExtension;
			packageProductDependencies = (
			);
			productName = OneSignalNotificationServiceExtension;
			productReference = 9150E7721E73BEDC00C5D46A /* OneSignalNotificationServiceExtension.appex */;
			productType = "com.apple.product-type.app-extension";
		};
		9473514C291C4ED9000D91D3 /* OneSignalWidgetExtensionExtension */ = {
			isa = PBXNativeTarget;
			buildConfigurationList = 94735163291C4EED000D91D3 /* Build configuration list for PBXNativeTarget "OneSignalWidgetExtensionExtension" */;
			buildPhases = (
				94735149291C4ED9000D91D3 /* Sources */,
				9473514A291C4ED9000D91D3 /* Frameworks */,
				9473514B291C4ED9000D91D3 /* Resources */,
			);
			buildRules = (
			);
			dependencies = (
			);
			name = OneSignalWidgetExtensionExtension;
			productName = OneSignalWidgetExtensionExtension;
			productReference = 9473514D291C4ED9000D91D3 /* OneSignalWidgetExtensionExtension.appex */;
			productType = "com.apple.product-type.app-extension";
		};
		DE68DA5624C7695900FC95A8 /* OneSignalExampleClip */ = {
			isa = PBXNativeTarget;
			buildConfigurationList = DE68DA7424C7695A00FC95A8 /* Build configuration list for PBXNativeTarget "OneSignalExampleClip" */;
			buildPhases = (
				DE68DA5324C7695900FC95A8 /* Sources */,
				DE68DA5424C7695900FC95A8 /* Frameworks */,
				DE68DA5524C7695900FC95A8 /* Resources */,
				DE9717792756E6EF00FC409E /* Embed Frameworks */,
			);
			buildRules = (
			);
			dependencies = (
			);
			name = OneSignalExampleClip;
			packageProductDependencies = (
			);
			productName = OneSignalDevAppClip;
			productReference = DE68DA5724C7695900FC95A8 /* OneSignalExampleClip.app */;
			productType = "com.apple.product-type.application.on-demand-install-capable";
		};
/* End PBXNativeTarget section */

/* Begin PBXProject section */
		9112E87A1E724C320022A1CB /* Project object */ = {
			isa = PBXProject;
			attributes = {
				LastSwiftUpdateCheck = 1410;
				LastUpgradeCheck = 0820;
				ORGANIZATIONNAME = OneSignal;
				TargetAttributes = {
					9112E8811E724C320022A1CB = {
						CreatedOnToolsVersion = 8.2.1;
						DevelopmentTeam = 99SW8E36CT;
						LastSwiftMigration = 1410;
						ProvisioningStyle = Automatic;
						SystemCapabilities = {
							com.apple.ApplicationGroups.iOS = {
								enabled = 1;
							};
							com.apple.BackgroundModes = {
								enabled = 1;
							};
							com.apple.Push = {
								enabled = 1;
							};
						};
					};
					9150E7711E73BEDC00C5D46A = {
						CreatedOnToolsVersion = 8.2.1;
						DevelopmentTeam = 99SW8E36CT;
						ProvisioningStyle = Automatic;
						SystemCapabilities = {
							com.apple.ApplicationGroups.iOS = {
								enabled = 1;
							};
						};
					};
					9473514C291C4ED9000D91D3 = {
						CreatedOnToolsVersion = 14.1;
					};
					DE68DA5624C7695900FC95A8 = {
						CreatedOnToolsVersion = 12.0;
					};
				};
			};
			buildConfigurationList = 9112E87D1E724C320022A1CB /* Build configuration list for PBXProject "OneSignalExample" */;
			compatibilityVersion = "Xcode 3.2";
			developmentRegion = English;
			hasScannedForEncodings = 0;
			knownRegions = (
				English,
				en,
				Base,
			);
			mainGroup = 9112E8791E724C320022A1CB;
			packageReferences = (
			);
			productRefGroup = 9112E8831E724C320022A1CB /* Products */;
			projectDirPath = "";
			projectRoot = "";
			targets = (
				9112E8811E724C320022A1CB /* OneSignalExample */,
				9150E7711E73BEDC00C5D46A /* OneSignalNotificationServiceExtension */,
				DE68DA5624C7695900FC95A8 /* OneSignalExampleClip */,
				9473514C291C4ED9000D91D3 /* OneSignalWidgetExtensionExtension */,
			);
		};
/* End PBXProject section */

/* Begin PBXResourcesBuildPhase section */
		9112E8801E724C320022A1CB /* Resources */ = {
			isa = PBXResourcesBuildPhase;
			buildActionMask = 2147483647;
			files = (
				9112E8951E724C320022A1CB /* LaunchScreen.storyboard in Resources */,
				91B6EA0A1E834B1700B5CF01 /* sentImage.jpg in Resources */,
				4529DEFE1FA921DA00CEAB1D /* GoogleService-Info.plist in Resources */,
				9112E8921E724C320022A1CB /* Assets.xcassets in Resources */,
				9112E8901E724C320022A1CB /* Main.storyboard in Resources */,
			);
			runOnlyForDeploymentPostprocessing = 0;
		};
		9150E7701E73BEDC00C5D46A /* Resources */ = {
			isa = PBXResourcesBuildPhase;
			buildActionMask = 2147483647;
			files = (
				91B6EA0C1E834BD800B5CF01 /* sentImage.jpg in Resources */,
				458396691FACFBB300D5DB95 /* GoogleService-Info.plist in Resources */,
			);
			runOnlyForDeploymentPostprocessing = 0;
		};
		9473514B291C4ED9000D91D3 /* Resources */ = {
			isa = PBXResourcesBuildPhase;
			buildActionMask = 2147483647;
			files = (
				9473515B291C4EDC000D91D3 /* Assets.xcassets in Resources */,
			);
			runOnlyForDeploymentPostprocessing = 0;
		};
		DE68DA5524C7695900FC95A8 /* Resources */ = {
			isa = PBXResourcesBuildPhase;
			buildActionMask = 2147483647;
			files = (
				DE68DA6924C7695A00FC95A8 /* LaunchScreen.storyboard in Resources */,
				DE68DA6624C7695A00FC95A8 /* Assets.xcassets in Resources */,
				DE68DA6424C7695900FC95A8 /* Main.storyboard in Resources */,
			);
			runOnlyForDeploymentPostprocessing = 0;
		};
/* End PBXResourcesBuildPhase section */

/* Begin PBXSourcesBuildPhase section */
		9112E87E1E724C320022A1CB /* Sources */ = {
			isa = PBXSourcesBuildPhase;
			buildActionMask = 2147483647;
			files = (
				94735148291C4702000D91D3 /* LiveActivityController.swift in Sources */,
				9112E88D1E724C320022A1CB /* ViewController.m in Sources */,
				9112E88A1E724C320022A1CB /* AppDelegate.m in Sources */,
				9112E8871E724C320022A1CB /* main.m in Sources */,
				9473515E291C4EDC000D91D3 /* OneSignalWidgetExtension.intentdefinition in Sources */,
			);
			runOnlyForDeploymentPostprocessing = 0;
		};
		9150E76E1E73BEDC00C5D46A /* Sources */ = {
			isa = PBXSourcesBuildPhase;
			buildActionMask = 2147483647;
			files = (
				9150E7761E73BEDD00C5D46A /* NotificationService.m in Sources */,
			);
			runOnlyForDeploymentPostprocessing = 0;
		};
		94735149291C4ED9000D91D3 /* Sources */ = {
			isa = PBXSourcesBuildPhase;
			buildActionMask = 2147483647;
			files = (
				94735154291C4EDC000D91D3 /* OneSignalWidgetExtensionBundle.swift in Sources */,
				94735156291C4EDC000D91D3 /* OneSignalWidgetExtensionLiveActivity.swift in Sources */,
				94735169291C5A68000D91D3 /* LiveActivityController.swift in Sources */,
				9473515D291C4EDC000D91D3 /* OneSignalWidgetExtension.intentdefinition in Sources */,
			);
			runOnlyForDeploymentPostprocessing = 0;
		};
		DE68DA5324C7695900FC95A8 /* Sources */ = {
			isa = PBXSourcesBuildPhase;
			buildActionMask = 2147483647;
			files = (
				DE68DA6124C7695900FC95A8 /* ViewController.m in Sources */,
				DE68DA5B24C7695900FC95A8 /* AppDelegate.m in Sources */,
				DE68DA6C24C7695A00FC95A8 /* main.m in Sources */,
				DE68DA5E24C7695900FC95A8 /* SceneDelegate.m in Sources */,
			);
			runOnlyForDeploymentPostprocessing = 0;
		};
/* End PBXSourcesBuildPhase section */

/* Begin PBXTargetDependency section */
		9150E7791E73BEDD00C5D46A /* PBXTargetDependency */ = {
			isa = PBXTargetDependency;
			target = 9150E7711E73BEDC00C5D46A /* OneSignalNotificationServiceExtension */;
			targetProxy = 9150E7781E73BEDD00C5D46A /* PBXContainerItemProxy */;
		};
		94735160291C4EDC000D91D3 /* PBXTargetDependency */ = {
			isa = PBXTargetDependency;
			target = 9473514C291C4ED9000D91D3 /* OneSignalWidgetExtensionExtension */;
			targetProxy = 9473515F291C4EDC000D91D3 /* PBXContainerItemProxy */;
		};
		DE68DA6F24C7695A00FC95A8 /* PBXTargetDependency */ = {
			isa = PBXTargetDependency;
			target = DE68DA5624C7695900FC95A8 /* OneSignalExampleClip */;
			targetProxy = DE68DA6E24C7695A00FC95A8 /* PBXContainerItemProxy */;
		};
/* End PBXTargetDependency section */

/* Begin PBXVariantGroup section */
		9112E88E1E724C320022A1CB /* Main.storyboard */ = {
			isa = PBXVariantGroup;
			children = (
				9112E88F1E724C320022A1CB /* Base */,
			);
			name = Main.storyboard;
			sourceTree = "<group>";
		};
		9112E8931E724C320022A1CB /* LaunchScreen.storyboard */ = {
			isa = PBXVariantGroup;
			children = (
				9112E8941E724C320022A1CB /* Base */,
			);
			name = LaunchScreen.storyboard;
			sourceTree = "<group>";
		};
		DE68DA6224C7695900FC95A8 /* Main.storyboard */ = {
			isa = PBXVariantGroup;
			children = (
				DE68DA6324C7695900FC95A8 /* Base */,
			);
			name = Main.storyboard;
			sourceTree = "<group>";
		};
		DE68DA6724C7695A00FC95A8 /* LaunchScreen.storyboard */ = {
			isa = PBXVariantGroup;
			children = (
				DE68DA6824C7695A00FC95A8 /* Base */,
			);
			name = LaunchScreen.storyboard;
			sourceTree = "<group>";
		};
/* End PBXVariantGroup section */

/* Begin XCBuildConfiguration section */
		9112E8971E724C320022A1CB /* Debug */ = {
			isa = XCBuildConfiguration;
			buildSettings = {
				ALWAYS_SEARCH_USER_PATHS = NO;
				CLANG_ANALYZER_NONNULL = YES;
				CLANG_CXX_LANGUAGE_STANDARD = "gnu++0x";
				CLANG_CXX_LIBRARY = "libc++";
				CLANG_ENABLE_MODULES = YES;
				CLANG_ENABLE_OBJC_ARC = YES;
				CLANG_WARN_BOOL_CONVERSION = YES;
				CLANG_WARN_CONSTANT_CONVERSION = YES;
				CLANG_WARN_DIRECT_OBJC_ISA_USAGE = YES_ERROR;
				CLANG_WARN_DOCUMENTATION_COMMENTS = YES;
				CLANG_WARN_EMPTY_BODY = YES;
				CLANG_WARN_ENUM_CONVERSION = YES;
				CLANG_WARN_INFINITE_RECURSION = YES;
				CLANG_WARN_INT_CONVERSION = YES;
				CLANG_WARN_OBJC_ROOT_CLASS = YES_ERROR;
				CLANG_WARN_SUSPICIOUS_MOVE = YES;
				CLANG_WARN_UNREACHABLE_CODE = YES;
				CLANG_WARN__DUPLICATE_METHOD_MATCH = YES;
				"CODE_SIGN_IDENTITY[sdk=iphoneos*]" = "iPhone Developer";
				COPY_PHASE_STRIP = NO;
				DEBUG_INFORMATION_FORMAT = dwarf;
				ENABLE_STRICT_OBJC_MSGSEND = YES;
				ENABLE_TESTABILITY = YES;
				GCC_C_LANGUAGE_STANDARD = gnu99;
				GCC_DYNAMIC_NO_PIC = NO;
				GCC_NO_COMMON_BLOCKS = YES;
				GCC_OPTIMIZATION_LEVEL = 0;
				GCC_PREPROCESSOR_DEFINITIONS = (
					"DEBUG=1",
					"$(inherited)",
				);
				GCC_WARN_64_TO_32_BIT_CONVERSION = YES;
				GCC_WARN_ABOUT_RETURN_TYPE = YES_ERROR;
				GCC_WARN_UNDECLARED_SELECTOR = YES;
				GCC_WARN_UNINITIALIZED_AUTOS = YES_AGGRESSIVE;
				GCC_WARN_UNUSED_FUNCTION = YES;
				GCC_WARN_UNUSED_VARIABLE = YES;
				IPHONEOS_DEPLOYMENT_TARGET = 10.2;
				MTL_ENABLE_DEBUG_INFO = YES;
				ONLY_ACTIVE_ARCH = YES;
				PRODUCT_NAME = OneSignalExample;
				SDKROOT = iphoneos;
				TARGETED_DEVICE_FAMILY = "1,2";
			};
			name = Debug;
		};
		9112E8981E724C320022A1CB /* Release */ = {
			isa = XCBuildConfiguration;
			buildSettings = {
				ALWAYS_SEARCH_USER_PATHS = NO;
				CLANG_ANALYZER_NONNULL = YES;
				CLANG_CXX_LANGUAGE_STANDARD = "gnu++0x";
				CLANG_CXX_LIBRARY = "libc++";
				CLANG_ENABLE_MODULES = YES;
				CLANG_ENABLE_OBJC_ARC = YES;
				CLANG_WARN_BOOL_CONVERSION = YES;
				CLANG_WARN_CONSTANT_CONVERSION = YES;
				CLANG_WARN_DIRECT_OBJC_ISA_USAGE = YES_ERROR;
				CLANG_WARN_DOCUMENTATION_COMMENTS = YES;
				CLANG_WARN_EMPTY_BODY = YES;
				CLANG_WARN_ENUM_CONVERSION = YES;
				CLANG_WARN_INFINITE_RECURSION = YES;
				CLANG_WARN_INT_CONVERSION = YES;
				CLANG_WARN_OBJC_ROOT_CLASS = YES_ERROR;
				CLANG_WARN_SUSPICIOUS_MOVE = YES;
				CLANG_WARN_UNREACHABLE_CODE = YES;
				CLANG_WARN__DUPLICATE_METHOD_MATCH = YES;
				"CODE_SIGN_IDENTITY[sdk=iphoneos*]" = "iPhone Developer";
				COPY_PHASE_STRIP = NO;
				DEBUG_INFORMATION_FORMAT = "dwarf-with-dsym";
				ENABLE_NS_ASSERTIONS = NO;
				ENABLE_STRICT_OBJC_MSGSEND = YES;
				GCC_C_LANGUAGE_STANDARD = gnu99;
				GCC_NO_COMMON_BLOCKS = YES;
				GCC_WARN_64_TO_32_BIT_CONVERSION = YES;
				GCC_WARN_ABOUT_RETURN_TYPE = YES_ERROR;
				GCC_WARN_UNDECLARED_SELECTOR = YES;
				GCC_WARN_UNINITIALIZED_AUTOS = YES_AGGRESSIVE;
				GCC_WARN_UNUSED_FUNCTION = YES;
				GCC_WARN_UNUSED_VARIABLE = YES;
				IPHONEOS_DEPLOYMENT_TARGET = 10.2;
				MTL_ENABLE_DEBUG_INFO = NO;
				PRODUCT_NAME = OneSignalExample;
				SDKROOT = iphoneos;
				TARGETED_DEVICE_FAMILY = "1,2";
				VALIDATE_PRODUCT = YES;
			};
			name = Release;
		};
		9112E89A1E724C320022A1CB /* Debug */ = {
			isa = XCBuildConfiguration;
			buildSettings = {
				ALWAYS_EMBED_SWIFT_STANDARD_LIBRARIES = YES;
				ASSETCATALOG_COMPILER_APPICON_NAME = AppIcon;
				CLANG_ENABLE_MODULES = YES;
				CODE_SIGN_ENTITLEMENTS = OneSignalDevApp/OneSignalDevApp.entitlements;
				CURRENT_PROJECT_VERSION = 1.4.4;
				DERIVE_MACCATALYST_PRODUCT_BUNDLE_IDENTIFIER = YES;
				DEVELOPMENT_TEAM = 99SW8E36CT;
				"DYLIB_INSTALL_NAME_BASE[arch=*]" = "@rpath";
				FRAMEWORK_SEARCH_PATHS = (
					"$(inherited)",
					"$(PROJECT_DIR)",
				);
				INFOPLIST_FILE = OneSignalDevApp/Info.plist;
				IPHONEOS_DEPLOYMENT_TARGET = 9.0;
				LD_RUNPATH_SEARCH_PATHS = (
					"$(inherited)",
					"@executable_path/Frameworks",
				);
				MARKETING_VERSION = 1.4.4;
				OTHER_LDFLAGS = "-ObjC";
				PRODUCT_BUNDLE_IDENTIFIER = com.onesignal.example;
				PRODUCT_NAME = OneSignalExample;
				SUPPORTS_MACCATALYST = YES;
				SWIFT_OBJC_BRIDGING_HEADER = "OneSignalDevApp/OneSignalExample-Bridging-Header.h";
				SWIFT_OPTIMIZATION_LEVEL = "-Onone";
				SWIFT_VERSION = 5.0;
			};
			name = Debug;
		};
		9112E89B1E724C320022A1CB /* Release */ = {
			isa = XCBuildConfiguration;
			buildSettings = {
				ALWAYS_EMBED_SWIFT_STANDARD_LIBRARIES = YES;
				ASSETCATALOG_COMPILER_APPICON_NAME = AppIcon;
				CLANG_ENABLE_MODULES = YES;
				CODE_SIGN_ENTITLEMENTS = OneSignalDevApp/OneSignalDevApp.entitlements;
				CURRENT_PROJECT_VERSION = 1.4.4;
				DERIVE_MACCATALYST_PRODUCT_BUNDLE_IDENTIFIER = YES;
				DEVELOPMENT_TEAM = 99SW8E36CT;
				"DYLIB_INSTALL_NAME_BASE[arch=*]" = "@rpath";
				FRAMEWORK_SEARCH_PATHS = (
					"$(inherited)",
					"$(PROJECT_DIR)",
				);
				INFOPLIST_FILE = OneSignalDevApp/Info.plist;
				IPHONEOS_DEPLOYMENT_TARGET = 9.0;
				LD_RUNPATH_SEARCH_PATHS = (
					"$(inherited)",
					"@executable_path/Frameworks",
				);
				MARKETING_VERSION = 1.4.4;
				OTHER_LDFLAGS = "-ObjC";
				PRODUCT_BUNDLE_IDENTIFIER = com.onesignal.example;
				PRODUCT_NAME = OneSignalExample;
				SUPPORTS_MACCATALYST = YES;
				SWIFT_OBJC_BRIDGING_HEADER = "OneSignalDevApp/OneSignalExample-Bridging-Header.h";
				SWIFT_VERSION = 5.0;
			};
			name = Release;
		};
		9150E77B1E73BEDD00C5D46A /* Debug */ = {
			isa = XCBuildConfiguration;
			buildSettings = {
				CLANG_WARN_STRICT_PROTOTYPES = NO;
				CODE_SIGN_ENTITLEMENTS = OneSignalNotificationServiceExtension/OneSignalNotificationServiceExtension.entitlements;
				CURRENT_PROJECT_VERSION = 1.4.4;
				DERIVE_MACCATALYST_PRODUCT_BUNDLE_IDENTIFIER = YES;
				DEVELOPMENT_TEAM = 99SW8E36CT;
				FRAMEWORK_SEARCH_PATHS = (
					"$(inherited)",
					"$(PROJECT_DIR)",
				);
				INFOPLIST_FILE = OneSignalNotificationServiceExtension/Info.plist;
				LD_RUNPATH_SEARCH_PATHS = (
					"$(inherited)",
					"@executable_path/Frameworks",
					"@executable_path/../../Frameworks",
				);
				MARKETING_VERSION = 1.4.4;
				OTHER_LDFLAGS = "-ObjC";
				PRODUCT_BUNDLE_IDENTIFIER = com.onesignal.example.OneSignalNotificationServiceExtensionA;
				PRODUCT_NAME = "$(TARGET_NAME)";
				SKIP_INSTALL = YES;
				SUPPORTS_MACCATALYST = YES;
			};
			name = Debug;
		};
		9150E77C1E73BEDD00C5D46A /* Release */ = {
			isa = XCBuildConfiguration;
			buildSettings = {
				CLANG_WARN_STRICT_PROTOTYPES = NO;
				CODE_SIGN_ENTITLEMENTS = OneSignalNotificationServiceExtension/OneSignalNotificationServiceExtension.entitlements;
				CURRENT_PROJECT_VERSION = 1.4.4;
				DERIVE_MACCATALYST_PRODUCT_BUNDLE_IDENTIFIER = YES;
				DEVELOPMENT_TEAM = 99SW8E36CT;
				FRAMEWORK_SEARCH_PATHS = (
					"$(inherited)",
					"$(PROJECT_DIR)",
				);
				GCC_OPTIMIZATION_LEVEL = 0;
				INFOPLIST_FILE = OneSignalNotificationServiceExtension/Info.plist;
				LD_RUNPATH_SEARCH_PATHS = (
					"$(inherited)",
					"@executable_path/Frameworks",
					"@executable_path/../../Frameworks",
				);
				MARKETING_VERSION = 1.4.4;
				OTHER_LDFLAGS = "-ObjC";
				PRODUCT_BUNDLE_IDENTIFIER = com.onesignal.example.OneSignalNotificationServiceExtensionA;
				PRODUCT_NAME = "$(TARGET_NAME)";
				SKIP_INSTALL = YES;
				SUPPORTS_MACCATALYST = YES;
			};
			name = Release;
		};
		94735164291C4EED000D91D3 /* Debug */ = {
			isa = XCBuildConfiguration;
			buildSettings = {
				ASSETCATALOG_COMPILER_GLOBAL_ACCENT_COLOR_NAME = AccentColor;
				ASSETCATALOG_COMPILER_WIDGET_BACKGROUND_COLOR_NAME = WidgetBackground;
				CLANG_ANALYZER_NUMBER_OBJECT_CONVERSION = YES_AGGRESSIVE;
				CLANG_CXX_LANGUAGE_STANDARD = "gnu++20";
				CLANG_ENABLE_OBJC_WEAK = YES;
				CLANG_WARN_BLOCK_CAPTURE_AUTORELEASING = YES;
				CLANG_WARN_COMMA = YES;
				CLANG_WARN_DEPRECATED_OBJC_IMPLEMENTATIONS = YES;
				CLANG_WARN_NON_LITERAL_NULL_CONVERSION = YES;
				CLANG_WARN_OBJC_IMPLICIT_RETAIN_SELF = YES;
				CLANG_WARN_OBJC_LITERAL_CONVERSION = YES;
				CLANG_WARN_QUOTED_INCLUDE_IN_FRAMEWORK_HEADER = YES;
				CLANG_WARN_RANGE_LOOP_ANALYSIS = YES;
				CLANG_WARN_STRICT_PROTOTYPES = YES;
				CLANG_WARN_UNGUARDED_AVAILABILITY = YES_AGGRESSIVE;
				CODE_SIGN_ENTITLEMENTS = OneSignalWidgetExtensionExtension.entitlements;
				CODE_SIGN_STYLE = Automatic;
				CURRENT_PROJECT_VERSION = 1;
				DEVELOPMENT_TEAM = 99SW8E36CT;
				GCC_C_LANGUAGE_STANDARD = gnu11;
				GENERATE_INFOPLIST_FILE = YES;
				INFOPLIST_FILE = OneSignalWidgetExtension/Info.plist;
				INFOPLIST_KEY_CFBundleDisplayName = OneSignalWidgetExtension;
				INFOPLIST_KEY_NSHumanReadableCopyright = "Copyright © 2022 OneSignal. All rights reserved.";
				IPHONEOS_DEPLOYMENT_TARGET = 16.1;
				LD_RUNPATH_SEARCH_PATHS = (
					"$(inherited)",
					"@executable_path/Frameworks",
					"@executable_path/../../Frameworks",
				);
				MARKETING_VERSION = 1.0;
				MTL_ENABLE_DEBUG_INFO = INCLUDE_SOURCE;
				MTL_FAST_MATH = YES;
				PRODUCT_BUNDLE_IDENTIFIER = com.onesignal.example.OneSignalWidgetExtension;
				PRODUCT_NAME = "$(TARGET_NAME)";
				SKIP_INSTALL = YES;
				SUPPORTS_MACCATALYST = YES;
				SWIFT_ACTIVE_COMPILATION_CONDITIONS = DEBUG;
				SWIFT_EMIT_LOC_STRINGS = YES;
				SWIFT_OPTIMIZATION_LEVEL = "-Onone";
				SWIFT_VERSION = 5.0;
				TARGETED_DEVICE_FAMILY = "1,2";
			};
			name = Debug;
		};
		94735165291C4EED000D91D3 /* Debug 64 bit */ = {
			isa = XCBuildConfiguration;
			buildSettings = {
				ASSETCATALOG_COMPILER_GLOBAL_ACCENT_COLOR_NAME = AccentColor;
				ASSETCATALOG_COMPILER_WIDGET_BACKGROUND_COLOR_NAME = WidgetBackground;
				CLANG_ANALYZER_NUMBER_OBJECT_CONVERSION = YES_AGGRESSIVE;
				CLANG_CXX_LANGUAGE_STANDARD = "gnu++20";
				CLANG_ENABLE_OBJC_WEAK = YES;
				CLANG_WARN_BLOCK_CAPTURE_AUTORELEASING = YES;
				CLANG_WARN_COMMA = YES;
				CLANG_WARN_DEPRECATED_OBJC_IMPLEMENTATIONS = YES;
				CLANG_WARN_NON_LITERAL_NULL_CONVERSION = YES;
				CLANG_WARN_OBJC_IMPLICIT_RETAIN_SELF = YES;
				CLANG_WARN_OBJC_LITERAL_CONVERSION = YES;
				CLANG_WARN_QUOTED_INCLUDE_IN_FRAMEWORK_HEADER = YES;
				CLANG_WARN_RANGE_LOOP_ANALYSIS = YES;
				CLANG_WARN_STRICT_PROTOTYPES = YES;
				CLANG_WARN_UNGUARDED_AVAILABILITY = YES_AGGRESSIVE;
				CODE_SIGN_ENTITLEMENTS = OneSignalWidgetExtensionExtension.entitlements;
				CODE_SIGN_STYLE = Automatic;
				CURRENT_PROJECT_VERSION = 1;
				DEVELOPMENT_TEAM = 99SW8E36CT;
				GCC_C_LANGUAGE_STANDARD = gnu11;
				GENERATE_INFOPLIST_FILE = YES;
				INFOPLIST_FILE = OneSignalWidgetExtension/Info.plist;
				INFOPLIST_KEY_CFBundleDisplayName = OneSignalWidgetExtension;
				INFOPLIST_KEY_NSHumanReadableCopyright = "Copyright © 2022 OneSignal. All rights reserved.";
				IPHONEOS_DEPLOYMENT_TARGET = 16.1;
				LD_RUNPATH_SEARCH_PATHS = (
					"$(inherited)",
					"@executable_path/Frameworks",
					"@executable_path/../../Frameworks",
				);
				MARKETING_VERSION = 1.0;
				MTL_ENABLE_DEBUG_INFO = INCLUDE_SOURCE;
				MTL_FAST_MATH = YES;
				PRODUCT_BUNDLE_IDENTIFIER = com.onesignal.example.OneSignalWidgetExtension;
				PRODUCT_NAME = "$(TARGET_NAME)";
				SKIP_INSTALL = YES;
				SUPPORTS_MACCATALYST = YES;
				SWIFT_ACTIVE_COMPILATION_CONDITIONS = DEBUG;
				SWIFT_EMIT_LOC_STRINGS = YES;
				SWIFT_OPTIMIZATION_LEVEL = "-Onone";
				SWIFT_VERSION = 5.0;
				TARGETED_DEVICE_FAMILY = "1,2";
			};
			name = "Debug 64 bit";
		};
		94735166291C4EED000D91D3 /* Release */ = {
			isa = XCBuildConfiguration;
			buildSettings = {
				ASSETCATALOG_COMPILER_GLOBAL_ACCENT_COLOR_NAME = AccentColor;
				ASSETCATALOG_COMPILER_WIDGET_BACKGROUND_COLOR_NAME = WidgetBackground;
				CLANG_ANALYZER_NUMBER_OBJECT_CONVERSION = YES_AGGRESSIVE;
				CLANG_CXX_LANGUAGE_STANDARD = "gnu++20";
				CLANG_ENABLE_OBJC_WEAK = YES;
				CLANG_WARN_BLOCK_CAPTURE_AUTORELEASING = YES;
				CLANG_WARN_COMMA = YES;
				CLANG_WARN_DEPRECATED_OBJC_IMPLEMENTATIONS = YES;
				CLANG_WARN_NON_LITERAL_NULL_CONVERSION = YES;
				CLANG_WARN_OBJC_IMPLICIT_RETAIN_SELF = YES;
				CLANG_WARN_OBJC_LITERAL_CONVERSION = YES;
				CLANG_WARN_QUOTED_INCLUDE_IN_FRAMEWORK_HEADER = YES;
				CLANG_WARN_RANGE_LOOP_ANALYSIS = YES;
				CLANG_WARN_STRICT_PROTOTYPES = YES;
				CLANG_WARN_UNGUARDED_AVAILABILITY = YES_AGGRESSIVE;
				CODE_SIGN_ENTITLEMENTS = OneSignalWidgetExtensionExtension.entitlements;
				CODE_SIGN_STYLE = Automatic;
				CURRENT_PROJECT_VERSION = 1;
				DEVELOPMENT_TEAM = 99SW8E36CT;
				GCC_C_LANGUAGE_STANDARD = gnu11;
				GENERATE_INFOPLIST_FILE = YES;
				INFOPLIST_FILE = OneSignalWidgetExtension/Info.plist;
				INFOPLIST_KEY_CFBundleDisplayName = OneSignalWidgetExtension;
				INFOPLIST_KEY_NSHumanReadableCopyright = "Copyright © 2022 OneSignal. All rights reserved.";
				IPHONEOS_DEPLOYMENT_TARGET = 16.1;
				LD_RUNPATH_SEARCH_PATHS = (
					"$(inherited)",
					"@executable_path/Frameworks",
					"@executable_path/../../Frameworks",
				);
				MARKETING_VERSION = 1.0;
				MTL_FAST_MATH = YES;
				PRODUCT_BUNDLE_IDENTIFIER = com.onesignal.example.OneSignalWidgetExtension;
				PRODUCT_NAME = "$(TARGET_NAME)";
				SKIP_INSTALL = YES;
				SUPPORTS_MACCATALYST = YES;
				SWIFT_COMPILATION_MODE = wholemodule;
				SWIFT_EMIT_LOC_STRINGS = YES;
				SWIFT_OPTIMIZATION_LEVEL = "-O";
				SWIFT_VERSION = 5.0;
				TARGETED_DEVICE_FAMILY = "1,2";
			};
			name = Release;
		};
		94735167291C4EED000D91D3 /* Release 64 bit */ = {
			isa = XCBuildConfiguration;
			buildSettings = {
				ASSETCATALOG_COMPILER_GLOBAL_ACCENT_COLOR_NAME = AccentColor;
				ASSETCATALOG_COMPILER_WIDGET_BACKGROUND_COLOR_NAME = WidgetBackground;
				CLANG_ANALYZER_NUMBER_OBJECT_CONVERSION = YES_AGGRESSIVE;
				CLANG_CXX_LANGUAGE_STANDARD = "gnu++20";
				CLANG_ENABLE_OBJC_WEAK = YES;
				CLANG_WARN_BLOCK_CAPTURE_AUTORELEASING = YES;
				CLANG_WARN_COMMA = YES;
				CLANG_WARN_DEPRECATED_OBJC_IMPLEMENTATIONS = YES;
				CLANG_WARN_NON_LITERAL_NULL_CONVERSION = YES;
				CLANG_WARN_OBJC_IMPLICIT_RETAIN_SELF = YES;
				CLANG_WARN_OBJC_LITERAL_CONVERSION = YES;
				CLANG_WARN_QUOTED_INCLUDE_IN_FRAMEWORK_HEADER = YES;
				CLANG_WARN_RANGE_LOOP_ANALYSIS = YES;
				CLANG_WARN_STRICT_PROTOTYPES = YES;
				CLANG_WARN_UNGUARDED_AVAILABILITY = YES_AGGRESSIVE;
				CODE_SIGN_ENTITLEMENTS = OneSignalWidgetExtensionExtension.entitlements;
				CODE_SIGN_STYLE = Automatic;
				CURRENT_PROJECT_VERSION = 1;
				DEVELOPMENT_TEAM = 99SW8E36CT;
				GCC_C_LANGUAGE_STANDARD = gnu11;
				GENERATE_INFOPLIST_FILE = YES;
				INFOPLIST_FILE = OneSignalWidgetExtension/Info.plist;
				INFOPLIST_KEY_CFBundleDisplayName = OneSignalWidgetExtension;
				INFOPLIST_KEY_NSHumanReadableCopyright = "Copyright © 2022 OneSignal. All rights reserved.";
				IPHONEOS_DEPLOYMENT_TARGET = 16.1;
				LD_RUNPATH_SEARCH_PATHS = (
					"$(inherited)",
					"@executable_path/Frameworks",
					"@executable_path/../../Frameworks",
				);
				MARKETING_VERSION = 1.0;
				MTL_FAST_MATH = YES;
				PRODUCT_BUNDLE_IDENTIFIER = com.onesignal.example.OneSignalWidgetExtension;
				PRODUCT_NAME = "$(TARGET_NAME)";
				SKIP_INSTALL = YES;
				SUPPORTS_MACCATALYST = YES;
				SWIFT_COMPILATION_MODE = wholemodule;
				SWIFT_EMIT_LOC_STRINGS = YES;
				SWIFT_OPTIMIZATION_LEVEL = "-O";
				SWIFT_VERSION = 5.0;
				TARGETED_DEVICE_FAMILY = "1,2";
			};
			name = "Release 64 bit";
		};
		DE68DA7224C7695A00FC95A8 /* Debug */ = {
			isa = XCBuildConfiguration;
			buildSettings = {
				ASSETCATALOG_COMPILER_APPICON_NAME = AppIcon;
				ASSETCATALOG_COMPILER_GLOBAL_ACCENT_COLOR_NAME = AccentColor;
				CLANG_ANALYZER_NUMBER_OBJECT_CONVERSION = YES_AGGRESSIVE;
				CLANG_CXX_LANGUAGE_STANDARD = "gnu++14";
				CLANG_ENABLE_OBJC_WEAK = YES;
				CLANG_WARN_BLOCK_CAPTURE_AUTORELEASING = YES;
				CLANG_WARN_COMMA = YES;
				CLANG_WARN_DEPRECATED_OBJC_IMPLEMENTATIONS = YES;
				CLANG_WARN_NON_LITERAL_NULL_CONVERSION = YES;
				CLANG_WARN_OBJC_IMPLICIT_RETAIN_SELF = YES;
				CLANG_WARN_OBJC_LITERAL_CONVERSION = YES;
				CLANG_WARN_QUOTED_INCLUDE_IN_FRAMEWORK_HEADER = NO;
				CLANG_WARN_RANGE_LOOP_ANALYSIS = YES;
				CLANG_WARN_STRICT_PROTOTYPES = YES;
				CLANG_WARN_UNGUARDED_AVAILABILITY = YES_AGGRESSIVE;
				CODE_SIGN_ENTITLEMENTS = OneSignalDevAppClip/OneSignalDevAppClip.entitlements;
				CODE_SIGN_STYLE = Automatic;
				CURRENT_PROJECT_VERSION = 1.4.4;
				DEVELOPMENT_TEAM = 99SW8E36CT;
				"DYLIB_INSTALL_NAME_BASE[arch=*]" = "@rpath";
				GCC_C_LANGUAGE_STANDARD = gnu11;
				GCC_PREPROCESSOR_DEFINITIONS = (
					"DEBUG=1",
					"$(inherited)",
					OS_APP_CLIP,
				);
				INFOPLIST_FILE = OneSignalDevAppClip/Info.plist;
				IPHONEOS_DEPLOYMENT_TARGET = 14.0;
				LD_RUNPATH_SEARCH_PATHS = (
					"$(inherited)",
					"@executable_path/Frameworks",
				);
				MARKETING_VERSION = 1.4.4;
				MTL_ENABLE_DEBUG_INFO = INCLUDE_SOURCE;
				MTL_FAST_MATH = YES;
				PRODUCT_BUNDLE_IDENTIFIER = com.onesignal.example.Clip;
				PRODUCT_NAME = OneSignalExampleClip;
				TARGETED_DEVICE_FAMILY = "1,2";
			};
			name = Debug;
		};
		DE68DA7324C7695A00FC95A8 /* Release */ = {
			isa = XCBuildConfiguration;
			buildSettings = {
				ASSETCATALOG_COMPILER_APPICON_NAME = AppIcon;
				ASSETCATALOG_COMPILER_GLOBAL_ACCENT_COLOR_NAME = AccentColor;
				CLANG_ANALYZER_NUMBER_OBJECT_CONVERSION = YES_AGGRESSIVE;
				CLANG_CXX_LANGUAGE_STANDARD = "gnu++14";
				CLANG_ENABLE_OBJC_WEAK = YES;
				CLANG_WARN_BLOCK_CAPTURE_AUTORELEASING = YES;
				CLANG_WARN_COMMA = YES;
				CLANG_WARN_DEPRECATED_OBJC_IMPLEMENTATIONS = YES;
				CLANG_WARN_NON_LITERAL_NULL_CONVERSION = YES;
				CLANG_WARN_OBJC_IMPLICIT_RETAIN_SELF = YES;
				CLANG_WARN_OBJC_LITERAL_CONVERSION = YES;
				CLANG_WARN_QUOTED_INCLUDE_IN_FRAMEWORK_HEADER = NO;
				CLANG_WARN_RANGE_LOOP_ANALYSIS = YES;
				CLANG_WARN_STRICT_PROTOTYPES = YES;
				CLANG_WARN_UNGUARDED_AVAILABILITY = YES_AGGRESSIVE;
				CODE_SIGN_ENTITLEMENTS = OneSignalDevAppClip/OneSignalDevAppClip.entitlements;
				CODE_SIGN_STYLE = Automatic;
				CURRENT_PROJECT_VERSION = 1.4.4;
				DEVELOPMENT_TEAM = 99SW8E36CT;
				GCC_C_LANGUAGE_STANDARD = gnu11;
				GCC_PREPROCESSOR_DEFINITIONS = OS_APP_CLIP;
				INFOPLIST_FILE = OneSignalDevAppClip/Info.plist;
				IPHONEOS_DEPLOYMENT_TARGET = 14.0;
				LD_RUNPATH_SEARCH_PATHS = (
					"$(inherited)",
					"@executable_path/Frameworks",
				);
				MARKETING_VERSION = 1.4.4;
				MTL_FAST_MATH = YES;
				PRODUCT_BUNDLE_IDENTIFIER = com.onesignal.example.Clip;
				PRODUCT_NAME = OneSignalExampleClip;
				TARGETED_DEVICE_FAMILY = "1,2";
			};
			name = Release;
		};
		DEDFF33B2901E4BD00D4E275 /* Release 64 bit */ = {
			isa = XCBuildConfiguration;
			buildSettings = {
				ALWAYS_SEARCH_USER_PATHS = NO;
				CLANG_ANALYZER_NONNULL = YES;
				CLANG_CXX_LANGUAGE_STANDARD = "gnu++0x";
				CLANG_CXX_LIBRARY = "libc++";
				CLANG_ENABLE_MODULES = YES;
				CLANG_ENABLE_OBJC_ARC = YES;
				CLANG_WARN_BOOL_CONVERSION = YES;
				CLANG_WARN_CONSTANT_CONVERSION = YES;
				CLANG_WARN_DIRECT_OBJC_ISA_USAGE = YES_ERROR;
				CLANG_WARN_DOCUMENTATION_COMMENTS = YES;
				CLANG_WARN_EMPTY_BODY = YES;
				CLANG_WARN_ENUM_CONVERSION = YES;
				CLANG_WARN_INFINITE_RECURSION = YES;
				CLANG_WARN_INT_CONVERSION = YES;
				CLANG_WARN_OBJC_ROOT_CLASS = YES_ERROR;
				CLANG_WARN_SUSPICIOUS_MOVE = YES;
				CLANG_WARN_UNREACHABLE_CODE = YES;
				CLANG_WARN__DUPLICATE_METHOD_MATCH = YES;
				"CODE_SIGN_IDENTITY[sdk=iphoneos*]" = "iPhone Developer";
				COPY_PHASE_STRIP = NO;
				DEBUG_INFORMATION_FORMAT = "dwarf-with-dsym";
				ENABLE_NS_ASSERTIONS = NO;
				ENABLE_STRICT_OBJC_MSGSEND = YES;
				GCC_C_LANGUAGE_STANDARD = gnu99;
				GCC_NO_COMMON_BLOCKS = YES;
				GCC_WARN_64_TO_32_BIT_CONVERSION = YES;
				GCC_WARN_ABOUT_RETURN_TYPE = YES_ERROR;
				GCC_WARN_UNDECLARED_SELECTOR = YES;
				GCC_WARN_UNINITIALIZED_AUTOS = YES_AGGRESSIVE;
				GCC_WARN_UNUSED_FUNCTION = YES;
				GCC_WARN_UNUSED_VARIABLE = YES;
				IPHONEOS_DEPLOYMENT_TARGET = 10.2;
				MTL_ENABLE_DEBUG_INFO = NO;
				PRODUCT_NAME = OneSignalExample;
				SDKROOT = iphoneos;
				TARGETED_DEVICE_FAMILY = "1,2";
				VALIDATE_PRODUCT = YES;
			};
			name = "Release 64 bit";
		};
		DEDFF33C2901E4BD00D4E275 /* Release 64 bit */ = {
			isa = XCBuildConfiguration;
			buildSettings = {
				ALWAYS_EMBED_SWIFT_STANDARD_LIBRARIES = YES;
				ASSETCATALOG_COMPILER_APPICON_NAME = AppIcon;
				CLANG_ENABLE_MODULES = YES;
				CODE_SIGN_ENTITLEMENTS = OneSignalDevApp/OneSignalDevApp.entitlements;
				CURRENT_PROJECT_VERSION = 1.4.4;
				DERIVE_MACCATALYST_PRODUCT_BUNDLE_IDENTIFIER = YES;
				DEVELOPMENT_TEAM = 99SW8E36CT;
				"DYLIB_INSTALL_NAME_BASE[arch=*]" = "@rpath";
				FRAMEWORK_SEARCH_PATHS = (
					"$(inherited)",
					"$(PROJECT_DIR)",
				);
				INFOPLIST_FILE = OneSignalDevApp/Info.plist;
				IPHONEOS_DEPLOYMENT_TARGET = 9.0;
				LD_RUNPATH_SEARCH_PATHS = (
					"$(inherited)",
					"@executable_path/Frameworks",
				);
				MARKETING_VERSION = 1.4.4;
				OTHER_LDFLAGS = "-ObjC";
				PRODUCT_BUNDLE_IDENTIFIER = com.onesignal.example;
				PRODUCT_NAME = OneSignalExample;
				SUPPORTS_MACCATALYST = YES;
				SWIFT_OBJC_BRIDGING_HEADER = "OneSignalDevApp/OneSignalExample-Bridging-Header.h";
				SWIFT_VERSION = 5.0;
			};
			name = "Release 64 bit";
		};
		DEDFF33D2901E4BD00D4E275 /* Release 64 bit */ = {
			isa = XCBuildConfiguration;
			buildSettings = {
				CLANG_WARN_STRICT_PROTOTYPES = NO;
				CODE_SIGN_ENTITLEMENTS = OneSignalNotificationServiceExtension/OneSignalNotificationServiceExtension.entitlements;
				CURRENT_PROJECT_VERSION = 1.4.4;
				DERIVE_MACCATALYST_PRODUCT_BUNDLE_IDENTIFIER = YES;
				DEVELOPMENT_TEAM = 99SW8E36CT;
				FRAMEWORK_SEARCH_PATHS = (
					"$(inherited)",
					"$(PROJECT_DIR)",
				);
				GCC_OPTIMIZATION_LEVEL = 0;
				INFOPLIST_FILE = OneSignalNotificationServiceExtension/Info.plist;
				LD_RUNPATH_SEARCH_PATHS = (
					"$(inherited)",
					"@executable_path/Frameworks",
					"@executable_path/../../Frameworks",
				);
				MARKETING_VERSION = 1.4.4;
				OTHER_LDFLAGS = "-ObjC";
				PRODUCT_BUNDLE_IDENTIFIER = com.onesignal.example.OneSignalNotificationServiceExtensionA;
				PRODUCT_NAME = "$(TARGET_NAME)";
				SKIP_INSTALL = YES;
				SUPPORTS_MACCATALYST = YES;
			};
			name = "Release 64 bit";
		};
		DEDFF33E2901E4BD00D4E275 /* Release 64 bit */ = {
			isa = XCBuildConfiguration;
			buildSettings = {
				ASSETCATALOG_COMPILER_APPICON_NAME = AppIcon;
				ASSETCATALOG_COMPILER_GLOBAL_ACCENT_COLOR_NAME = AccentColor;
				CLANG_ANALYZER_NUMBER_OBJECT_CONVERSION = YES_AGGRESSIVE;
				CLANG_CXX_LANGUAGE_STANDARD = "gnu++14";
				CLANG_ENABLE_OBJC_WEAK = YES;
				CLANG_WARN_BLOCK_CAPTURE_AUTORELEASING = YES;
				CLANG_WARN_COMMA = YES;
				CLANG_WARN_DEPRECATED_OBJC_IMPLEMENTATIONS = YES;
				CLANG_WARN_NON_LITERAL_NULL_CONVERSION = YES;
				CLANG_WARN_OBJC_IMPLICIT_RETAIN_SELF = YES;
				CLANG_WARN_OBJC_LITERAL_CONVERSION = YES;
				CLANG_WARN_QUOTED_INCLUDE_IN_FRAMEWORK_HEADER = NO;
				CLANG_WARN_RANGE_LOOP_ANALYSIS = YES;
				CLANG_WARN_STRICT_PROTOTYPES = YES;
				CLANG_WARN_UNGUARDED_AVAILABILITY = YES_AGGRESSIVE;
				CODE_SIGN_ENTITLEMENTS = OneSignalDevAppClip/OneSignalDevAppClip.entitlements;
				CODE_SIGN_STYLE = Automatic;
				CURRENT_PROJECT_VERSION = 1.4.4;
				DEVELOPMENT_TEAM = 99SW8E36CT;
				GCC_C_LANGUAGE_STANDARD = gnu11;
				GCC_PREPROCESSOR_DEFINITIONS = OS_APP_CLIP;
				INFOPLIST_FILE = OneSignalDevAppClip/Info.plist;
				IPHONEOS_DEPLOYMENT_TARGET = 14.0;
				LD_RUNPATH_SEARCH_PATHS = (
					"$(inherited)",
					"@executable_path/Frameworks",
				);
				MARKETING_VERSION = 1.4.4;
				MTL_FAST_MATH = YES;
				PRODUCT_BUNDLE_IDENTIFIER = com.onesignal.example.Clip;
				PRODUCT_NAME = OneSignalExampleClip;
				TARGETED_DEVICE_FAMILY = "1,2";
			};
			name = "Release 64 bit";
		};
		DEFF653E2901DDF900EF7E06 /* Debug 64 bit */ = {
			isa = XCBuildConfiguration;
			buildSettings = {
				ALWAYS_SEARCH_USER_PATHS = NO;
				CLANG_ANALYZER_NONNULL = YES;
				CLANG_CXX_LANGUAGE_STANDARD = "gnu++0x";
				CLANG_CXX_LIBRARY = "libc++";
				CLANG_ENABLE_MODULES = YES;
				CLANG_ENABLE_OBJC_ARC = YES;
				CLANG_WARN_BOOL_CONVERSION = YES;
				CLANG_WARN_CONSTANT_CONVERSION = YES;
				CLANG_WARN_DIRECT_OBJC_ISA_USAGE = YES_ERROR;
				CLANG_WARN_DOCUMENTATION_COMMENTS = YES;
				CLANG_WARN_EMPTY_BODY = YES;
				CLANG_WARN_ENUM_CONVERSION = YES;
				CLANG_WARN_INFINITE_RECURSION = YES;
				CLANG_WARN_INT_CONVERSION = YES;
				CLANG_WARN_OBJC_ROOT_CLASS = YES_ERROR;
				CLANG_WARN_SUSPICIOUS_MOVE = YES;
				CLANG_WARN_UNREACHABLE_CODE = YES;
				CLANG_WARN__DUPLICATE_METHOD_MATCH = YES;
				"CODE_SIGN_IDENTITY[sdk=iphoneos*]" = "iPhone Developer";
				COPY_PHASE_STRIP = NO;
				DEBUG_INFORMATION_FORMAT = dwarf;
				ENABLE_STRICT_OBJC_MSGSEND = YES;
				ENABLE_TESTABILITY = YES;
				GCC_C_LANGUAGE_STANDARD = gnu99;
				GCC_DYNAMIC_NO_PIC = NO;
				GCC_NO_COMMON_BLOCKS = YES;
				GCC_OPTIMIZATION_LEVEL = 0;
				GCC_PREPROCESSOR_DEFINITIONS = (
					"DEBUG=1",
					"$(inherited)",
				);
				GCC_WARN_64_TO_32_BIT_CONVERSION = YES;
				GCC_WARN_ABOUT_RETURN_TYPE = YES_ERROR;
				GCC_WARN_UNDECLARED_SELECTOR = YES;
				GCC_WARN_UNINITIALIZED_AUTOS = YES_AGGRESSIVE;
				GCC_WARN_UNUSED_FUNCTION = YES;
				GCC_WARN_UNUSED_VARIABLE = YES;
				IPHONEOS_DEPLOYMENT_TARGET = 10.2;
				MTL_ENABLE_DEBUG_INFO = YES;
				ONLY_ACTIVE_ARCH = YES;
				PRODUCT_NAME = OneSignalExample;
				SDKROOT = iphoneos;
				TARGETED_DEVICE_FAMILY = "1,2";
			};
			name = "Debug 64 bit";
		};
		DEFF653F2901DDF900EF7E06 /* Debug 64 bit */ = {
			isa = XCBuildConfiguration;
			buildSettings = {
				ALWAYS_EMBED_SWIFT_STANDARD_LIBRARIES = YES;
				ASSETCATALOG_COMPILER_APPICON_NAME = AppIcon;
				CLANG_ENABLE_MODULES = YES;
				CODE_SIGN_ENTITLEMENTS = OneSignalDevApp/OneSignalDevApp.entitlements;
				CURRENT_PROJECT_VERSION = 1.4.4;
				DERIVE_MACCATALYST_PRODUCT_BUNDLE_IDENTIFIER = YES;
				DEVELOPMENT_TEAM = 99SW8E36CT;
				"DYLIB_INSTALL_NAME_BASE[arch=*]" = "@rpath";
				FRAMEWORK_SEARCH_PATHS = (
					"$(inherited)",
					"$(PROJECT_DIR)",
				);
				INFOPLIST_FILE = OneSignalDevApp/Info.plist;
				IPHONEOS_DEPLOYMENT_TARGET = 9.0;
				LD_RUNPATH_SEARCH_PATHS = (
					"$(inherited)",
					"@executable_path/Frameworks",
				);
				MARKETING_VERSION = 1.4.4;
				OTHER_LDFLAGS = "-ObjC";
				PRODUCT_BUNDLE_IDENTIFIER = com.onesignal.example;
				PRODUCT_NAME = OneSignalExample;
				SUPPORTS_MACCATALYST = YES;
				SWIFT_OBJC_BRIDGING_HEADER = "OneSignalDevApp/OneSignalExample-Bridging-Header.h";
				SWIFT_OPTIMIZATION_LEVEL = "-Onone";
				SWIFT_VERSION = 5.0;
			};
			name = "Debug 64 bit";
		};
		DEFF65402901DDF900EF7E06 /* Debug 64 bit */ = {
			isa = XCBuildConfiguration;
			buildSettings = {
				CLANG_WARN_STRICT_PROTOTYPES = NO;
				CODE_SIGN_ENTITLEMENTS = OneSignalNotificationServiceExtension/OneSignalNotificationServiceExtension.entitlements;
				CURRENT_PROJECT_VERSION = 1.4.4;
				DERIVE_MACCATALYST_PRODUCT_BUNDLE_IDENTIFIER = YES;
				DEVELOPMENT_TEAM = 99SW8E36CT;
				FRAMEWORK_SEARCH_PATHS = (
					"$(inherited)",
					"$(PROJECT_DIR)",
				);
				INFOPLIST_FILE = OneSignalNotificationServiceExtension/Info.plist;
				LD_RUNPATH_SEARCH_PATHS = (
					"$(inherited)",
					"@executable_path/Frameworks",
					"@executable_path/../../Frameworks",
				);
				MARKETING_VERSION = 1.4.4;
				OTHER_LDFLAGS = "-ObjC";
				PRODUCT_BUNDLE_IDENTIFIER = com.onesignal.example.OneSignalNotificationServiceExtensionA;
				PRODUCT_NAME = "$(TARGET_NAME)";
				SKIP_INSTALL = YES;
				SUPPORTS_MACCATALYST = YES;
			};
			name = "Debug 64 bit";
		};
		DEFF65412901DDF900EF7E06 /* Debug 64 bit */ = {
			isa = XCBuildConfiguration;
			buildSettings = {
				ASSETCATALOG_COMPILER_APPICON_NAME = AppIcon;
				ASSETCATALOG_COMPILER_GLOBAL_ACCENT_COLOR_NAME = AccentColor;
				CLANG_ANALYZER_NUMBER_OBJECT_CONVERSION = YES_AGGRESSIVE;
				CLANG_CXX_LANGUAGE_STANDARD = "gnu++14";
				CLANG_ENABLE_OBJC_WEAK = YES;
				CLANG_WARN_BLOCK_CAPTURE_AUTORELEASING = YES;
				CLANG_WARN_COMMA = YES;
				CLANG_WARN_DEPRECATED_OBJC_IMPLEMENTATIONS = YES;
				CLANG_WARN_NON_LITERAL_NULL_CONVERSION = YES;
				CLANG_WARN_OBJC_IMPLICIT_RETAIN_SELF = YES;
				CLANG_WARN_OBJC_LITERAL_CONVERSION = YES;
				CLANG_WARN_QUOTED_INCLUDE_IN_FRAMEWORK_HEADER = NO;
				CLANG_WARN_RANGE_LOOP_ANALYSIS = YES;
				CLANG_WARN_STRICT_PROTOTYPES = YES;
				CLANG_WARN_UNGUARDED_AVAILABILITY = YES_AGGRESSIVE;
				CODE_SIGN_ENTITLEMENTS = OneSignalDevAppClip/OneSignalDevAppClip.entitlements;
				CODE_SIGN_STYLE = Automatic;
				CURRENT_PROJECT_VERSION = 1.4.4;
				DEVELOPMENT_TEAM = 99SW8E36CT;
				"DYLIB_INSTALL_NAME_BASE[arch=*]" = "@rpath";
				GCC_C_LANGUAGE_STANDARD = gnu11;
				GCC_PREPROCESSOR_DEFINITIONS = (
					"DEBUG=1",
					"$(inherited)",
					OS_APP_CLIP,
				);
				INFOPLIST_FILE = OneSignalDevAppClip/Info.plist;
				IPHONEOS_DEPLOYMENT_TARGET = 14.0;
				LD_RUNPATH_SEARCH_PATHS = (
					"$(inherited)",
					"@executable_path/Frameworks",
				);
				MARKETING_VERSION = 1.4.4;
				MTL_ENABLE_DEBUG_INFO = INCLUDE_SOURCE;
				MTL_FAST_MATH = YES;
				PRODUCT_BUNDLE_IDENTIFIER = com.onesignal.example.Clip;
				PRODUCT_NAME = OneSignalExampleClip;
				TARGETED_DEVICE_FAMILY = "1,2";
			};
			name = "Debug 64 bit";
		};
/* End XCBuildConfiguration section */

/* Begin XCConfigurationList section */
		9112E87D1E724C320022A1CB /* Build configuration list for PBXProject "OneSignalExample" */ = {
			isa = XCConfigurationList;
			buildConfigurations = (
				9112E8971E724C320022A1CB /* Debug */,
				DEFF653E2901DDF900EF7E06 /* Debug 64 bit */,
				9112E8981E724C320022A1CB /* Release */,
				DEDFF33B2901E4BD00D4E275 /* Release 64 bit */,
			);
			defaultConfigurationIsVisible = 0;
			defaultConfigurationName = Release;
		};
		9112E8991E724C320022A1CB /* Build configuration list for PBXNativeTarget "OneSignalExample" */ = {
			isa = XCConfigurationList;
			buildConfigurations = (
				9112E89A1E724C320022A1CB /* Debug */,
				DEFF653F2901DDF900EF7E06 /* Debug 64 bit */,
				9112E89B1E724C320022A1CB /* Release */,
				DEDFF33C2901E4BD00D4E275 /* Release 64 bit */,
			);
			defaultConfigurationIsVisible = 0;
			defaultConfigurationName = Release;
		};
		9150E77D1E73BEDD00C5D46A /* Build configuration list for PBXNativeTarget "OneSignalNotificationServiceExtension" */ = {
			isa = XCConfigurationList;
			buildConfigurations = (
				9150E77B1E73BEDD00C5D46A /* Debug */,
				DEFF65402901DDF900EF7E06 /* Debug 64 bit */,
				9150E77C1E73BEDD00C5D46A /* Release */,
				DEDFF33D2901E4BD00D4E275 /* Release 64 bit */,
			);
			defaultConfigurationIsVisible = 0;
			defaultConfigurationName = Release;
		};
		94735163291C4EED000D91D3 /* Build configuration list for PBXNativeTarget "OneSignalWidgetExtensionExtension" */ = {
			isa = XCConfigurationList;
			buildConfigurations = (
				94735164291C4EED000D91D3 /* Debug */,
				94735165291C4EED000D91D3 /* Debug 64 bit */,
				94735166291C4EED000D91D3 /* Release */,
				94735167291C4EED000D91D3 /* Release 64 bit */,
			);
			defaultConfigurationIsVisible = 0;
			defaultConfigurationName = Release;
		};
		DE68DA7424C7695A00FC95A8 /* Build configuration list for PBXNativeTarget "OneSignalExampleClip" */ = {
			isa = XCConfigurationList;
			buildConfigurations = (
				DE68DA7224C7695A00FC95A8 /* Debug */,
				DEFF65412901DDF900EF7E06 /* Debug 64 bit */,
				DE68DA7324C7695A00FC95A8 /* Release */,
				DEDFF33E2901E4BD00D4E275 /* Release 64 bit */,
			);
			defaultConfigurationIsVisible = 0;
			defaultConfigurationName = Release;
		};
/* End XCConfigurationList section */
	};
	rootObject = 9112E87A1E724C320022A1CB /* Project object */;
}
